
Microsoft Visual Studio Solution File, Format Version 12.00
# Visual Studio Version 17
VisualStudioVersion = 17.11.35312.102
MinimumVisualStudioVersion = 10.0.40219.1
Project("{9A19103F-16F7-4668-BE54-9A1E7A4F7556}") = "FastDiskIO", "FastDiskIO\FastDiskIO.csproj", "{3CE536EF-E14E-4E92-A1DD-14C0D1DD4108}"
EndProject
Project("{9A19103F-16F7-4668-BE54-9A1E7A4F7556}") = "FastDiskIO.Benchmarks", "FastDiskIO.Benchmarks\FastDiskIO.Benchmarks.csproj", "{A3A61A37-FD1A-4F75-A979-E9DE5712A5B0}"
EndProject
Project("{9A19103F-16F7-4668-BE54-9A1E7A4F7556}") = "FastDiskIO.Tests", "FastDiskIO.Tests\FastDiskIO.Tests.csproj", "{30D91916-DBE0-4F13-8EEA-CFBE917C7214}"
EndProject
Global
	GlobalSection(SolutionConfigurationPlatforms) = preSolution
		Debug|Any CPU = Debug|Any CPU
		Release|Any CPU = Release|Any CPU
	EndGlobalSection
	GlobalSection(ProjectConfigurationPlatforms) = postSolution
		{3CE536EF-E14E-4E92-A1DD-14C0D1DD4108}.Debug|Any CPU.ActiveCfg = Debug|Any CPU
		{3CE536EF-E14E-4E92-A1DD-14C0D1DD4108}.Debug|Any CPU.Build.0 = Debug|Any CPU
		{3CE536EF-E14E-4E92-A1DD-14C0D1DD4108}.Release|Any CPU.ActiveCfg = Release|Any CPU
		{3CE536EF-E14E-4E92-A1DD-14C0D1DD4108}.Release|Any CPU.Build.0 = Release|Any CPU
		{A3A61A37-FD1A-4F75-A979-E9DE5712A5B0}.Debug|Any CPU.ActiveCfg = Debug|Any CPU
		{A3A61A37-FD1A-4F75-A979-E9DE5712A5B0}.Debug|Any CPU.Build.0 = Debug|Any CPU
		{A3A61A37-FD1A-4F75-A979-E9DE5712A5B0}.Release|Any CPU.ActiveCfg = Release|Any CPU
		{A3A61A37-FD1A-4F75-A979-E9DE5712A5B0}.Release|Any CPU.Build.0 = Release|Any CPU
		{30D91916-DBE0-4F13-8EEA-CFBE917C7214}.Debug|Any CPU.ActiveCfg = Debug|Any CPU
		{30D91916-DBE0-4F13-8EEA-CFBE917C7214}.Debug|Any CPU.Build.0 = Debug|Any CPU
		{30D91916-DBE0-4F13-8EEA-CFBE917C7214}.Release|Any CPU.ActiveCfg = Release|Any CPU
		{30D91916-DBE0-4F13-8EEA-CFBE917C7214}.Release|Any CPU.Build.0 = Release|Any CPU
	EndGlobalSection
	GlobalSection(SolutionProperties) = preSolution
		HideSolutionNode = FALSE
	EndGlobalSection
	GlobalSection(ExtensibilityGlobals) = postSolution
		SolutionGuid = {FF8BDAE1-E065-459C-8884-572FAAAA2C75}
	EndGlobalSection
EndGlobal
